github.com/gohugoio/hugoTestModules1_linux/modh2_1_1v v1.3.0/go.mod h1:70gNInV5B0bkyw2h1PiXcYfFJaZPJm6ArCj998hQZlI=
github.com/gohugoio/hugoTestModules1_linux/modh2_1_2 v1.3.0/go.mod h1:/DqyVwuQKpn2Y4Jxe15BqGfE11hH6QehHab5XK/pMts=
github.com/gohugoio/hugoTestModules1_linux/modh2_1v v1.3.0 h1:EU7CEhAFkcXLgQvoMunqqaZWif7WHYEjx+iPb31uqUE=
github.com/gohugoio/hugoTestModules1_linux/modh2_1v v1.3.0/go.mod h1:vqQhz4zrsB78wRgCQtbC73C649TTA9VYK9eePVaxiKc=
github.com/gohugoio/hugoTestModules1_linux/modh2_2 v1.3.0 h1:KIGqKfxRdjihBi5EV1QaCJCGsuCDigMT0ZfU3d7ZFRA=
github.com/gohugoio/hugoTestModules1_linux/modh2_2 v1.3.0/go.mod h1:EMmmcelG+dIy1kqg/oZli3TzQRp3UMHXV6xVh5hFMrs=
github.com/gohugoio/hugoTestModules1_linux/modh2_2_1v v1.3.0/go.mod h1:qFmWfVsJ4ShN5JkWRqOn1ZhGMDfM5jViyTDtOurw8qE=
github.com/gohugoio/hugoTestModules1_linux/modh2_2_2 v1.3.0/go.mod h1:xWR5NSZYtwOI5E2fc84UrJzHL0j8lNfugS3Z4TMp93o=
