github.com/gohugoio/hugoTestModules1_linux v0.0.0-20201018084003-d5352a0b0d8f h1:XDj3H3pzI1ug+WUhw4jnQlTymR6smJxtY2R8nNdnmy0=
github.com/gohugoio/hugoTestModules1_linux v0.0.0-20201018084018-5f1667d80bf0 h1:959EaUK8vWL07mM928cSReiDbHktyphqm9OMyt9KSKo=
github.com/gohugoio/hugoTestModules1_linux/modh2_2_1v v0.0.0-20201018084003-d5352a0b0d8f h1:UF+68TBmN7UuveCP3Gqt7t2KUwcYQk33Gy2XSakabuY=
github.com/gohugoio/hugoTestModules1_linux/modh2_2_1v v0.0.0-20201018084003-d5352a0b0d8f/go.mod h1:qFmWfVsJ4ShN5JkWRqOn1ZhGMDfM5jViyTDtOurw8qE=
github.com/gohugoio/hugoTestModules1_linux/modh2_2_1v v1.0.0 h1:RnEYJxf0ZypQVh+w0CXq49wQDnOX3moiCNCJsN0HcOw=
github.com/gohugoio/hugoTestModules1_linux/modh2_2_1v v1.0.0/go.mod h1:qFmWfVsJ4ShN5JkWRqOn1ZhGMDfM5jViyTDtOurw8qE=
github.com/gohugoio/hugoTestModules1_linux/modh2_2_2 v0.0.0-20201018084003-d5352a0b0d8f h1:AAa+ewd6CUxUCeetVC9+hvei3CUiEaGO/U/elIVTCx8=
github.com/gohugoio/hugoTestModules1_linux/modh2_2_2 v0.0.0-20201018084003-d5352a0b0d8f/go.mod h1:xWR5NSZYtwOI5E2fc84UrJzHL0j8lNfugS3Z4TMp93o=
github.com/gohugoio/hugoTestModules1_linux/modh2_2_2 v1.0.0 h1:RTIEoWkj3l2C9C0b6utJpcVMEq6bguMSQVbR/fh+aF0=
github.com/gohugoio/hugoTestModules1_linux/modh2_2_2 v1.0.0/go.mod h1:xWR5NSZYtwOI5E2fc84UrJzHL0j8lNfugS3Z4TMp93o=
