github.com/gohugoio/hugoTestModules1_linux v0.0.0-20201018084003-d5352a0b0d8f h1:XDj3H3pzI1ug+WUhw4jnQlTymR6smJxtY2R8nNdnmy0=
github.com/gohugoio/hugoTestModules1_linux v0.0.0-20201018084018-5f1667d80bf0 h1:959EaUK8vWL07mM928cSReiDbHktyphqm9OMyt9KSKo=
github.com/gohugoio/hugoTestModules1_linux v0.0.0-20201018084035-4383135eeb3d h1:YhzX9bGCLgYgLVnpLL/B6d6niqzzJIYxB5+SdAyNzTk=
github.com/gohugoio/hugoTestModules1_linux v0.0.0-20201018084052-26f85925988f h1:ZLB3u9yilAQR8aA9PGQlBt7EMNddNWSEliJvoxmcCkk=
github.com/gohugoio/hugoTestModules1_linux/modh1_1_1v v0.0.0-20201018084003-d5352a0b0d8f h1:9ZR6ETcfq8pbbxuq24pvHh1L83AYoWaHXXzwKMJOOBk=
github.com/gohugoio/hugoTestModules1_linux/modh1_1_1v v0.0.0-20201018084003-d5352a0b0d8f/go.mod h1:FX4QotaNYDh37HwtRVhtPv8Qa7JgWg3vFqIwSdIUWZk=
github.com/gohugoio/hugoTestModules1_linux/modh1_1_1v v1.0.0/go.mod h1:FX4QotaNYDh37HwtRVhtPv8Qa7JgWg3vFqIwSdIUWZk=
github.com/gohugoio/hugoTestModules1_linux/modh1_1_1v v1.1.0/go.mod h1:FX4QotaNYDh37HwtRVhtPv8Qa7JgWg3vFqIwSdIUWZk=
github.com/gohugoio/hugoTestModules1_linux/modh1_1_1v v1.2.0/go.mod h1:FX4QotaNYDh37HwtRVhtPv8Qa7JgWg3vFqIwSdIUWZk=
github.com/gohugoio/hugoTestModules1_linux/modh1_1_2 v0.0.0-20201018084003-d5352a0b0d8f h1:tT+D44Hf89dzmb0d2h1cM6DNY5EM/kMAvM+FGmq3DF8=
github.com/gohugoio/hugoTestModules1_linux/modh1_1_2 v0.0.0-20201018084003-d5352a0b0d8f/go.mod h1:2W03Zj0udF7IcpzktduKr5A3Olg11KyDn1SgcyYTP1A=
github.com/gohugoio/hugoTestModules1_linux/modh1_1_2 v1.0.0/go.mod h1:2W03Zj0udF7IcpzktduKr5A3Olg11KyDn1SgcyYTP1A=
github.com/gohugoio/hugoTestModules1_linux/modh1_1_2 v1.1.0/go.mod h1:2W03Zj0udF7IcpzktduKr5A3Olg11KyDn1SgcyYTP1A=
github.com/gohugoio/hugoTestModules1_linux/modh1_1_2 v1.2.0/go.mod h1:2W03Zj0udF7IcpzktduKr5A3Olg11KyDn1SgcyYTP1A=
github.com/gohugoio/hugoTestModules1_linux/modh1_1v v0.0.0-20201018084003-d5352a0b0d8f h1:MYEMT3zG/TZsakdqDXs8nanYkzyp5RScVQYNDuVX0I8=
github.com/gohugoio/hugoTestModules1_linux/modh1_1v v0.0.0-20201018084003-d5352a0b0d8f/go.mod h1:iq0WOMS1b0Hbp10B65UhUIfc9oeZZ3vFkXO8nsjYmVs=
github.com/gohugoio/hugoTestModules1_linux/modh1_1v v1.0.0 h1:2Lpyakcv3RPjOsYpO9BckOBYaShzxLsCbXvXjWUaVXI=
github.com/gohugoio/hugoTestModules1_linux/modh1_1v v1.0.0/go.mod h1:8Y2+E9KEti+OzHFVxx8PHAqugDZRvS+InyLlTdsDI7E=
github.com/gohugoio/hugoTestModules1_linux/modh1_1v v1.1.0 h1:VaC8PP9oIkDbzlglkD7DWJIR4JJdtbckc+FkMCkkCAc=
github.com/gohugoio/hugoTestModules1_linux/modh1_1v v1.1.0/go.mod h1:T3oeqc4+IzaEkl7EdI8cMUipOeqw9wJVDQVVOj4SiRg=
github.com/gohugoio/hugoTestModules1_linux/modh1_1v v1.2.0 h1:4pKlWKzjV/l38NndsQRbLRmt7ZjOsMgceyjwSseBEX8=
github.com/gohugoio/hugoTestModules1_linux/modh1_1v v1.2.0/go.mod h1:pb7kgpZcLDX4B7Y5AFgMLIITJNcixrBkA+vCKajHGF8=
github.com/gohugoio/hugoTestModules1_linux/modh1_2 v0.0.0-20201018084003-d5352a0b0d8f h1:h89V3Zk5zNlCSkUy+9HCj25GirtgpdYzMm1k4o8i3YU=
github.com/gohugoio/hugoTestModules1_linux/modh1_2 v0.0.0-20201018084003-d5352a0b0d8f/go.mod h1:/ygJtfXFGDfz9ICoEGwv7CA5YIddwQVarKQjmFPXPT0=
github.com/gohugoio/hugoTestModules1_linux/modh1_2 v1.0.0 h1:CVC+Rdiz2mgD9ABbQFqAe/VAcoPV2cElRYBR/49pOAU=
github.com/gohugoio/hugoTestModules1_linux/modh1_2 v1.0.0/go.mod h1:Ed5DKnuOV6QMj959qGzsgaBW0YAvP+/0miaRn2P3lHw=
github.com/gohugoio/hugoTestModules1_linux/modh1_2 v1.1.0 h1:3H3Bn39glNn38kqx0o+gL/6HTjA6eLTY/TYDwNhNlL4=
github.com/gohugoio/hugoTestModules1_linux/modh1_2 v1.1.0/go.mod h1:FChqc0MvUAYq6N7HwujJ6Ra44+Z74k2Wbo6LP6r1fUY=
github.com/gohugoio/hugoTestModules1_linux/modh1_2 v1.2.0 h1:ImMx+oQgcaU6mDAG9UqUzS0T53i8GKdrgUplTZ0mqus=
github.com/gohugoio/hugoTestModules1_linux/modh1_2 v1.2.0/go.mod h1:I+SI5+Icm1fu3S4V8NJyJ5WLaVyG7gvTf6ha9QG6Aq4=
github.com/gohugoio/hugoTestModules1_linux/modh1_2_1v v0.0.0-20201018084003-d5352a0b0d8f h1:9rtCgQ3HWgrjxhUFvPBAPGAsGuqnL9NEebrNYohWmSM=
github.com/gohugoio/hugoTestModules1_linux/modh1_2_1v v0.0.0-20201018084003-d5352a0b0d8f/go.mod h1:hixsTLccfP2qEOSjYhJ8qCEsD+ubl9b0NlCtE9AcH/Y=
github.com/gohugoio/hugoTestModules1_linux/modh1_2_1v v1.0.0/go.mod h1:hixsTLccfP2qEOSjYhJ8qCEsD+ubl9b0NlCtE9AcH/Y=
github.com/gohugoio/hugoTestModules1_linux/modh1_2_1v v1.1.0/go.mod h1:hixsTLccfP2qEOSjYhJ8qCEsD+ubl9b0NlCtE9AcH/Y=
github.com/gohugoio/hugoTestModules1_linux/modh1_2_1v v1.2.0/go.mod h1:hixsTLccfP2qEOSjYhJ8qCEsD+ubl9b0NlCtE9AcH/Y=
github.com/gohugoio/hugoTestModules1_linux/modh1_2_2 v0.0.0-20201018084003-d5352a0b0d8f h1:BZbUkKU1twUK7Zj6RNOJ27F1e4+KXGncCaDFYqLtIHg=
github.com/gohugoio/hugoTestModules1_linux/modh1_2_2 v0.0.0-20201018084003-d5352a0b0d8f/go.mod h1:2HUo+yOEcBgs8ZgFiQ0XmrcGEzAdIT3yPUOTSTG3waY=
github.com/gohugoio/hugoTestModules1_linux/modh1_2_2 v1.0.0/go.mod h1:2HUo+yOEcBgs8ZgFiQ0XmrcGEzAdIT3yPUOTSTG3waY=
github.com/gohugoio/hugoTestModules1_linux/modh1_2_2 v1.1.0/go.mod h1:2HUo+yOEcBgs8ZgFiQ0XmrcGEzAdIT3yPUOTSTG3waY=
github.com/gohugoio/hugoTestModules1_linux/modh1_2_2 v1.2.0/go.mod h1:2HUo+yOEcBgs8ZgFiQ0XmrcGEzAdIT3yPUOTSTG3waY=
