github.com/gohugoio/hugoTestModules1_linux/modh1_1_1v v1.3.0/go.mod h1:FX4QotaNYDh37HwtRVhtPv8Qa7JgWg3vFqIwSdIUWZk=
github.com/gohugoio/hugoTestModules1_linux/modh1_1_2 v1.3.0/go.mod h1:2W03Zj0udF7IcpzktduKr5A3Olg11KyDn1SgcyYTP1A=
github.com/gohugoio/hugoTestModules1_linux/modh1_1v v1.3.0 h1:+Twy7UAGMenSzs8e3Ao5mIBTFmOJh+Aafka2iuDOplk=
github.com/gohugoio/hugoTestModules1_linux/modh1_1v v1.3.0/go.mod h1:WhNHwUhT8Ca22lV6PtG2EtiLBPk9r0krGUYkz2OQUZA=
github.com/gohugoio/hugoTestModules1_linux/modh1_2 v1.3.0 h1:c4K32egA39/CXnQp36bpmQf6ILuxpKzcHAn/kPEfiuc=
github.com/gohugoio/hugoTestModules1_linux/modh1_2 v1.3.0/go.mod h1:QvmVEHUsU8t6aJvpEZCVhspcH9lqsYar6CER45gnUb0=
github.com/gohugoio/hugoTestModules1_linux/modh1_2_1v v1.3.0/go.mod h1:hixsTLccfP2qEOSjYhJ8qCEsD+ubl9b0NlCtE9AcH/Y=
github.com/gohugoio/hugoTestModules1_linux/modh1_2_2 v1.3.0/go.mod h1:2HUo+yOEcBgs8ZgFiQ0XmrcGEzAdIT3yPUOTSTG3waY=
