github.com/gohugoio/hugoTestModules1_linux v0.0.0-20201018084128-11387ff56435 h1:zS9IIVQI8vxVTvtV46tzly3wwHSG94lNxhCQPYXVmag=
github.com/gohugoio/hugoTestModules1_linux/modh1_1_1v v1.2.0/go.mod h1:FX4QotaNYDh37HwtRVhtPv8Qa7JgWg3vFqIwSdIUWZk=
github.com/gohugoio/hugoTestModules1_linux/modh1_1_1v v1.3.0/go.mod h1:FX4QotaNYDh37HwtRVhtPv8Qa7JgWg3vFqIwSdIUWZk=
github.com/gohugoio/hugoTestModules1_linux/modh1_1_1v v1.4.0/go.mod h1:FX4QotaNYDh37HwtRVhtPv8Qa7JgWg3vFqIwSdIUWZk=
github.com/gohugoio/hugoTestModules1_linux/modh1_1_2 v1.2.0/go.mod h1:2W03Zj0udF7IcpzktduKr5A3Olg11KyDn1SgcyYTP1A=
github.com/gohugoio/hugoTestModules1_linux/modh1_1_2 v1.3.0/go.mod h1:2W03Zj0udF7IcpzktduKr5A3Olg11KyDn1SgcyYTP1A=
github.com/gohugoio/hugoTestModules1_linux/modh1_1_2 v1.4.0/go.mod h1:2W03Zj0udF7IcpzktduKr5A3Olg11KyDn1SgcyYTP1A=
github.com/gohugoio/hugoTestModules1_linux/modh1_1v v1.3.0 h1:+Twy7UAGMenSzs8e3Ao5mIBTFmOJh+Aafka2iuDOplk=
github.com/gohugoio/hugoTestModules1_linux/modh1_1v v1.3.0/go.mod h1:WhNHwUhT8Ca22lV6PtG2EtiLBPk9r0krGUYkz2OQUZA=
github.com/gohugoio/hugoTestModules1_linux/modh1_1v v1.4.0 h1:Tb5Bw6YopoyWkqo7R2zAVQNjMIBeL/8eCAQsVkXvYdo=
github.com/gohugoio/hugoTestModules1_linux/modh1_1v v1.4.0/go.mod h1:bxbFb6AVqxyBmESWx0jBpxEkh8YeVY8X3t99wxVdLFY=
github.com/gohugoio/hugoTestModules1_linux/modh1_2 v1.3.0 h1:c4K32egA39/CXnQp36bpmQf6ILuxpKzcHAn/kPEfiuc=
github.com/gohugoio/hugoTestModules1_linux/modh1_2 v1.3.0/go.mod h1:QvmVEHUsU8t6aJvpEZCVhspcH9lqsYar6CER45gnUb0=
github.com/gohugoio/hugoTestModules1_linux/modh1_2 v1.4.0 h1:efw9iCule091+sfCHT8LL8UAxyWY9fbNn1ynEqa1mqs=
github.com/gohugoio/hugoTestModules1_linux/modh1_2 v1.4.0/go.mod h1:GHIGitID3oKq3UgHVJ9K57qkZR0v71SGbBtFq7BHVy0=
github.com/gohugoio/hugoTestModules1_linux/modh1_2_1v v1.2.0/go.mod h1:hixsTLccfP2qEOSjYhJ8qCEsD+ubl9b0NlCtE9AcH/Y=
github.com/gohugoio/hugoTestModules1_linux/modh1_2_1v v1.3.0/go.mod h1:hixsTLccfP2qEOSjYhJ8qCEsD+ubl9b0NlCtE9AcH/Y=
github.com/gohugoio/hugoTestModules1_linux/modh1_2_1v v1.4.0/go.mod h1:hixsTLccfP2qEOSjYhJ8qCEsD+ubl9b0NlCtE9AcH/Y=
github.com/gohugoio/hugoTestModules1_linux/modh1_2_2 v1.2.0/go.mod h1:2HUo+yOEcBgs8ZgFiQ0XmrcGEzAdIT3yPUOTSTG3waY=
github.com/gohugoio/hugoTestModules1_linux/modh1_2_2 v1.3.0/go.mod h1:2HUo+yOEcBgs8ZgFiQ0XmrcGEzAdIT3yPUOTSTG3waY=
github.com/gohugoio/hugoTestModules1_linux/modh1_2_2 v1.4.0/go.mod h1:2HUo+yOEcBgs8ZgFiQ0XmrcGEzAdIT3yPUOTSTG3waY=
