github.com/gohugoio/hugoTestModules1_linux v0.0.0-20201018084003-d5352a0b0d8f h1:XDj3H3pzI1ug+WUhw4jnQlTymR6smJxtY2R8nNdnmy0=
github.com/gohugoio/hugoTestModules1_linux v0.0.0-20201018084018-5f1667d80bf0 h1:959EaUK8vWL07mM928cSReiDbHktyphqm9OMyt9KSKo=
github.com/gohugoio/hugoTestModules1_linux v0.0.0-20201018084035-4383135eeb3d h1:YhzX9bGCLgYgLVnpLL/B6d6niqzzJIYxB5+SdAyNzTk=
github.com/gohugoio/hugoTestModules1_linux v0.0.0-20201018084052-26f85925988f h1:ZLB3u9yilAQR8aA9PGQlBt7EMNddNWSEliJvoxmcCkk=
github.com/gohugoio/hugoTestModules1_linux/modh1_1_1v v0.0.0-20201018084003-d5352a0b0d8f h1:9ZR6ETcfq8pbbxuq24pvHh1L83AYoWaHXXzwKMJOOBk=
github.com/gohugoio/hugoTestModules1_linux/modh1_1_1v v0.0.0-20201018084003-d5352a0b0d8f/go.mod h1:FX4QotaNYDh37HwtRVhtPv8Qa7JgWg3vFqIwSdIUWZk=
github.com/gohugoio/hugoTestModules1_linux/modh1_1_1v v1.0.0 h1:NrAW11LmCQku1jyGGfGZq0azO35TNwpYbm7pbK+cr30=
github.com/gohugoio/hugoTestModules1_linux/modh1_1_1v v1.0.0/go.mod h1:FX4QotaNYDh37HwtRVhtPv8Qa7JgWg3vFqIwSdIUWZk=
github.com/gohugoio/hugoTestModules1_linux/modh1_1_1v v1.1.0 h1:rZ45qxgZLm7Pd4jmOLsMPqAmr5dLF6avIYmBCOJq4hs=
github.com/gohugoio/hugoTestModules1_linux/modh1_1_1v v1.1.0/go.mod h1:FX4QotaNYDh37HwtRVhtPv8Qa7JgWg3vFqIwSdIUWZk=
github.com/gohugoio/hugoTestModules1_linux/modh1_1_1v v1.2.0 h1:kceIDJf2+Ke2hC5gMGEZJfvxwhFn3W6LGQe3LPXsgGQ=
github.com/gohugoio/hugoTestModules1_linux/modh1_1_1v v1.2.0/go.mod h1:FX4QotaNYDh37HwtRVhtPv8Qa7JgWg3vFqIwSdIUWZk=
github.com/gohugoio/hugoTestModules1_linux/modh1_1_2 v0.0.0-20201018084003-d5352a0b0d8f h1:tT+D44Hf89dzmb0d2h1cM6DNY5EM/kMAvM+FGmq3DF8=
github.com/gohugoio/hugoTestModules1_linux/modh1_1_2 v0.0.0-20201018084003-d5352a0b0d8f/go.mod h1:2W03Zj0udF7IcpzktduKr5A3Olg11KyDn1SgcyYTP1A=
github.com/gohugoio/hugoTestModules1_linux/modh1_1_2 v1.0.0 h1:5HDA8vmfy9k3mGpqj+kRiDB0PRyyybM6hhx4Wqw//w8=
github.com/gohugoio/hugoTestModules1_linux/modh1_1_2 v1.0.0/go.mod h1:2W03Zj0udF7IcpzktduKr5A3Olg11KyDn1SgcyYTP1A=
github.com/gohugoio/hugoTestModules1_linux/modh1_1_2 v1.1.0 h1:RLD6Fe1htWbTIyheUe/pC3SaZdpc95prgTO8wPpYsJE=
github.com/gohugoio/hugoTestModules1_linux/modh1_1_2 v1.1.0/go.mod h1:2W03Zj0udF7IcpzktduKr5A3Olg11KyDn1SgcyYTP1A=
github.com/gohugoio/hugoTestModules1_linux/modh1_1_2 v1.2.0 h1:dm+Rm6+NB42OIbKkd5mnsBalvb5jo5msdezEM7sWTJM=
github.com/gohugoio/hugoTestModules1_linux/modh1_1_2 v1.2.0/go.mod h1:2W03Zj0udF7IcpzktduKr5A3Olg11KyDn1SgcyYTP1A=
