github.com/gohugoio/hugoTestModules1_linux/modh1_2_1v v1.3.0 h1:rEw2ELIi1kwIYalfMObBqAyAPNrYV9N5LRIVRDJpjRw=
github.com/gohugoio/hugoTestModules1_linux/modh1_2_1v v1.3.0/go.mod h1:hixsTLccfP2qEOSjYhJ8qCEsD+ubl9b0NlCtE9AcH/Y=
github.com/gohugoio/hugoTestModules1_linux/modh1_2_2 v1.3.0 h1:uxjS+ltaHPhEFmOdbGBqV6NK2wkIFJBhaRNjqOGH8fI=
github.com/gohugoio/hugoTestModules1_linux/modh1_2_2 v1.3.0/go.mod h1:2HUo+yOEcBgs8ZgFiQ0XmrcGEzAdIT3yPUOTSTG3waY=
